
Microsoft Visual Studio Solution File, Format Version 12.00
# Visual Studio Version 16
VisualStudioVersion = 16.0.30709.132
MinimumVisualStudioVersion = 10.0.40219.1
Project("{778DAE3C-4631-46EA-AA77-85C1314464D9}") = "Backup", "Backup\Backup.vbproj", "{59ECCE74-280D-40A1-A8FC-EECEEC178E3C}"
EndProject
Project("{778DAE3C-4631-46EA-AA77-85C1314464D9}") = "Settings", "Settings\Settings.vbproj", "{05053AB4-1381-4D70-83C8-15048B7204AF}"
EndProject
Project("{778DAE3C-4631-46EA-AA77-85C1314464D9}") = "CustomToolStrip", "CustomToolstrip\CustomToolStrip.vbproj", "{FCF40E85-2426-4CCE-A991-8689DBE1C3AF}"
EndProject
Project("{778DAE3C-4631-46EA-AA77-85C1314464D9}") = "CustomMenuStrip", "CustomMenuStrip\CustomMenuStrip.vbproj", "{24F9F4B4-8F86-4010-9DE2-0E25E2A9CD7C}"
EndProject
Project("{778DAE3C-4631-46EA-AA77-85C1314464D9}") = "VB_WinForms", "VB_WinForms\VB_WinForms.vbproj", "{00E1D109-E6C1-4E5F-B411-AF87F037E927}"
EndProject
Project("{778DAE3C-4631-46EA-AA77-85C1314464D9}") = "Dialog", "Dialog\Dialog.vbproj", "{B85FEBEA-EF50-4377-B923-4DB390C6C686}"
EndProject
Project("{778DAE3C-4631-46EA-AA77-85C1314464D9}") = "Calculator", "Calculator\Calculator.vbproj", "{8E01EF76-04B3-4A5A-B3C4-E693511E790A}"
EndProject
Project("{2150E333-8FDC-42A3-9474-1A3956D46DE8}") = "Resources", "Resources", "{74AB4998-80A2-4B5D-9ACB-B838A8544BF7}"
	ProjectSection(SolutionItems) = preProject
		images\back_pro.bmp = images\back_pro.bmp
		images\backup_text.txt = images\backup_text.txt
		images\bullet-red.png = images\bullet-red.png
		images\bullet_red_2.png = images\bullet_red_2.png
		images\calender.png = images\calender.png
		images\db.png = images\db.png
		images\exit.png = images\exit.png
		images\help.png = images\help.png
		images\help_2.png = images\help_2.png
		images\iconfinder.ico = images\iconfinder.ico
		images\iconfinder_settings.ico = images\iconfinder_settings.ico
		images\Internet.ico = images\Internet.ico
		images\koala.jpg = images\koala.jpg
		images\undo.png = images\undo.png
	EndProjectSection
EndProject
Project("{2150E333-8FDC-42A3-9474-1A3956D46DE8}") = "buttons", "buttons", "{0E56BB83-FEFC-4695-A14C-3EA1D4B01F05}"
	ProjectSection(SolutionItems) = preProject
		images\buttons\cancel.png = images\buttons\cancel.png
		images\buttons\delete.png = images\buttons\delete.png
		images\buttons\edit.png = images\buttons\edit.png
		images\buttons\floppy.png = images\buttons\floppy.png
		images\buttons\new.png = images\buttons\new.png
		images\buttons\new_2.png = images\buttons\new_2.png
		images\buttons\save.png = images\buttons\save.png
		images\buttons\save_2.png = images\buttons\save_2.png
	EndProjectSection
EndProject
Project("{2150E333-8FDC-42A3-9474-1A3956D46DE8}") = "buttons_bg", "buttons_bg", "{91FE4D9C-543D-4CCB-96CE-D73B50A44163}"
	ProjectSection(SolutionItems) = preProject
		images\buttons_bg\btn_bg.png = images\buttons_bg\btn_bg.png
		images\buttons_bg\btn_bg_2.png = images\buttons_bg\btn_bg_2.png
		images\buttons_bg\btn_bg_3.png = images\buttons_bg\btn_bg_3.png
		images\buttons_bg\btn_bg_4.png = images\buttons_bg\btn_bg_4.png
	EndProjectSection
EndProject
Global
	GlobalSection(SolutionConfigurationPlatforms) = preSolution
		Debug|Any CPU = Debug|Any CPU
		Release|Any CPU = Release|Any CPU
	EndGlobalSection
	GlobalSection(ProjectConfigurationPlatforms) = postSolution
		{59ECCE74-280D-40A1-A8FC-EECEEC178E3C}.Debug|Any CPU.ActiveCfg = Debug|Any CPU
		{59ECCE74-280D-40A1-A8FC-EECEEC178E3C}.Debug|Any CPU.Build.0 = Debug|Any CPU
		{59ECCE74-280D-40A1-A8FC-EECEEC178E3C}.Release|Any CPU.ActiveCfg = Release|Any CPU
		{59ECCE74-280D-40A1-A8FC-EECEEC178E3C}.Release|Any CPU.Build.0 = Release|Any CPU
		{05053AB4-1381-4D70-83C8-15048B7204AF}.Debug|Any CPU.ActiveCfg = Debug|Any CPU
		{05053AB4-1381-4D70-83C8-15048B7204AF}.Debug|Any CPU.Build.0 = Debug|Any CPU
		{05053AB4-1381-4D70-83C8-15048B7204AF}.Release|Any CPU.ActiveCfg = Release|Any CPU
		{05053AB4-1381-4D70-83C8-15048B7204AF}.Release|Any CPU.Build.0 = Release|Any CPU
		{FCF40E85-2426-4CCE-A991-8689DBE1C3AF}.Debug|Any CPU.ActiveCfg = Debug|Any CPU
		{FCF40E85-2426-4CCE-A991-8689DBE1C3AF}.Debug|Any CPU.Build.0 = Debug|Any CPU
		{FCF40E85-2426-4CCE-A991-8689DBE1C3AF}.Release|Any CPU.ActiveCfg = Release|Any CPU
		{FCF40E85-2426-4CCE-A991-8689DBE1C3AF}.Release|Any CPU.Build.0 = Release|Any CPU
		{24F9F4B4-8F86-4010-9DE2-0E25E2A9CD7C}.Debug|Any CPU.ActiveCfg = Debug|Any CPU
		{24F9F4B4-8F86-4010-9DE2-0E25E2A9CD7C}.Debug|Any CPU.Build.0 = Debug|Any CPU
		{24F9F4B4-8F86-4010-9DE2-0E25E2A9CD7C}.Release|Any CPU.ActiveCfg = Release|Any CPU
		{24F9F4B4-8F86-4010-9DE2-0E25E2A9CD7C}.Release|Any CPU.Build.0 = Release|Any CPU
		{00E1D109-E6C1-4E5F-B411-AF87F037E927}.Debug|Any CPU.ActiveCfg = Debug|Any CPU
		{00E1D109-E6C1-4E5F-B411-AF87F037E927}.Debug|Any CPU.Build.0 = Debug|Any CPU
		{00E1D109-E6C1-4E5F-B411-AF87F037E927}.Release|Any CPU.ActiveCfg = Release|Any CPU
		{00E1D109-E6C1-4E5F-B411-AF87F037E927}.Release|Any CPU.Build.0 = Release|Any CPU
		{B85FEBEA-EF50-4377-B923-4DB390C6C686}.Debug|Any CPU.ActiveCfg = Debug|Any CPU
		{B85FEBEA-EF50-4377-B923-4DB390C6C686}.Debug|Any CPU.Build.0 = Debug|Any CPU
		{B85FEBEA-EF50-4377-B923-4DB390C6C686}.Release|Any CPU.ActiveCfg = Release|Any CPU
		{B85FEBEA-EF50-4377-B923-4DB390C6C686}.Release|Any CPU.Build.0 = Release|Any CPU
		{8E01EF76-04B3-4A5A-B3C4-E693511E790A}.Debug|Any CPU.ActiveCfg = Debug|Any CPU
		{8E01EF76-04B3-4A5A-B3C4-E693511E790A}.Debug|Any CPU.Build.0 = Debug|Any CPU
		{8E01EF76-04B3-4A5A-B3C4-E693511E790A}.Release|Any CPU.ActiveCfg = Release|Any CPU
		{8E01EF76-04B3-4A5A-B3C4-E693511E790A}.Release|Any CPU.Build.0 = Release|Any CPU
	EndGlobalSection
	GlobalSection(SolutionProperties) = preSolution
		HideSolutionNode = FALSE
	EndGlobalSection
	GlobalSection(NestedProjects) = preSolution
		{0E56BB83-FEFC-4695-A14C-3EA1D4B01F05} = {74AB4998-80A2-4B5D-9ACB-B838A8544BF7}
		{91FE4D9C-543D-4CCB-96CE-D73B50A44163} = {74AB4998-80A2-4B5D-9ACB-B838A8544BF7}
	EndGlobalSection
	GlobalSection(ExtensibilityGlobals) = postSolution
		SolutionGuid = {FC2B3F94-2E20-4946-92D1-AAB601209E59}
	EndGlobalSection
EndGlobal
