
Microsoft Visual Studio Solution File, Format Version 12.00
# Visual Studio Version 16
VisualStudioVersion = 16.0.30709.132
MinimumVisualStudioVersion = 10.0.40219.1
Project("{778DAE3C-4631-46EA-AA77-85C1314464D9}") = "Backup", "Backup\Backup.vbproj", "{59ECCE74-280D-40A1-A8FC-EECEEC178E3C}"
EndProject
Project("{778DAE3C-4631-46EA-AA77-85C1314464D9}") = "Settings", "Settings\Settings.vbproj", "{05053AB4-1381-4D70-83C8-15048B7204AF}"
EndProject
Project("{778DAE3C-4631-46EA-AA77-85C1314464D9}") = "CustomToolStrip", "CustomToolstrip\CustomToolStrip.vbproj", "{FCF40E85-2426-4CCE-A991-8689DBE1C3AF}"
EndProject
Project("{778DAE3C-4631-46EA-AA77-85C1314464D9}") = "CustomMenuStrip", "CustomMenuStrip\CustomMenuStrip.vbproj", "{24F9F4B4-8F86-4010-9DE2-0E25E2A9CD7C}"
EndProject
Project("{778DAE3C-4631-46EA-AA77-85C1314464D9}") = "VB_WinForms", "VB_WinForms\VB_WinForms.vbproj", "{00E1D109-E6C1-4E5F-B411-AF87F037E927}"
EndProject
Project("{778DAE3C-4631-46EA-AA77-85C1314464D9}") = "Dialog", "Dialog\Dialog.vbproj", "{B85FEBEA-EF50-4377-B923-4DB390C6C686}"
EndProject
Project("{778DAE3C-4631-46EA-AA77-85C1314464D9}") = "Calculator", "Calculator\Calculator.vbproj", "{8E01EF76-04B3-4A5A-B3C4-E693511E790A}"
EndProject
Project("{778DAE3C-4631-46EA-AA77-85C1314464D9}") = "RepairBill", "RepairBill\RepairBill.vbproj", "{3252C119-C205-46A8-A668-01FBCA21D672}"
EndProject
Project("{778DAE3C-4631-46EA-AA77-85C1314464D9}") = "ChangeForADollar", "ChangeForADollar\ChangeForADollar.vbproj", "{1FE28B2D-4DC5-4BE1-8A2F-6D51A9B7DC08}"
EndProject
Project("{778DAE3C-4631-46EA-AA77-85C1314464D9}") = "LengthConversion", "LengthConversion\LengthConversion.vbproj", "{D0D3C6A9-9961-470C-BD50-4FD1CC1B2301}"
EndProject
Project("{778DAE3C-4631-46EA-AA77-85C1314464D9}") = "CarLoan", "CarLoan\CarLoan.vbproj", "{BB96E95D-3F73-4C7F-8FD6-4A07E44A4D59}"
EndProject
Project("{778DAE3C-4631-46EA-AA77-85C1314464D9}") = "UnitPrice", "UnitPrice\UnitPrice.vbproj", "{318B7988-192A-415C-8337-B82D5CC5E8FF}"
EndProject
Project("{778DAE3C-4631-46EA-AA77-85C1314464D9}") = "RentalCost", "RentalCost\RentalCost.vbproj", "{492A5E08-E808-4C5A-B168-9455D7E7323E}"
EndProject
Project("{778DAE3C-4631-46EA-AA77-85C1314464D9}") = "Nutrition", "Nutrition\Nutrition.vbproj", "{3FE73B36-5F63-4B8E-B47A-61A940D459A0}"
EndProject
Project("{778DAE3C-4631-46EA-AA77-85C1314464D9}") = "CarLoanPartTwo", "CarLoanPartTwo\CarLoanPartTwo.vbproj", "{00ED12F8-807D-4400-9B09-3299880BED67}"
EndProject
Project("{778DAE3C-4631-46EA-AA77-85C1314464D9}") = "QuadraticEquation", "QuadraticEquation\QuadraticEquation.vbproj", "{8FB10C8E-8E02-476A-9F7C-1058FB02BBE4}"
EndProject
Project("{778DAE3C-4631-46EA-AA77-85C1314464D9}") = "RestaurantMenu", "RestaurantMenu\RestaurantMenu.vbproj", "{1023CF01-15BC-4B14-AF19-C359545BEF54}"
EndProject
Project("{778DAE3C-4631-46EA-AA77-85C1314464D9}") = "CollegeAdmissions", "CollegeAdmissions\CollegeAdmissions.vbproj", "{B7664948-8761-421F-BECA-201FD4EED09F}"
EndProject
Project("{2150E333-8FDC-42A3-9474-1A3956D46DE8}") = "Resources", "Resources", "{411E94CB-15DB-475A-8418-863FA9A46AD9}"
	ProjectSection(SolutionItems) = preProject
		Resources\back_pro.bmp = Resources\back_pro.bmp
		Resources\backup_text.txt = Resources\backup_text.txt
		Resources\bullet-red.png = Resources\bullet-red.png
		Resources\bullet_red_2.png = Resources\bullet_red_2.png
		Resources\calender.png = Resources\calender.png
		Resources\db.png = Resources\db.png
		Resources\exit.png = Resources\exit.png
		Resources\help.png = Resources\help.png
		Resources\help_2.png = Resources\help_2.png
		Resources\iconfinder.ico = Resources\iconfinder.ico
		Resources\iconfinder_settings.ico = Resources\iconfinder_settings.ico
		Resources\Internet.ico = Resources\Internet.ico
		Resources\koala.jpg = Resources\koala.jpg
		Resources\undo.png = Resources\undo.png
	EndProjectSection
EndProject
Project("{2150E333-8FDC-42A3-9474-1A3956D46DE8}") = "buttons", "buttons", "{1BE51354-52F0-4135-8351-950EAEDBDF0B}"
	ProjectSection(SolutionItems) = preProject
		Resources\buttons\cancel.png = Resources\buttons\cancel.png
		Resources\buttons\delete.png = Resources\buttons\delete.png
		Resources\buttons\edit.png = Resources\buttons\edit.png
		Resources\buttons\floppy.png = Resources\buttons\floppy.png
		Resources\buttons\new.png = Resources\buttons\new.png
		Resources\buttons\new_2.png = Resources\buttons\new_2.png
		Resources\buttons\save.png = Resources\buttons\save.png
		Resources\buttons\save_2.png = Resources\buttons\save_2.png
	EndProjectSection
EndProject
Project("{2150E333-8FDC-42A3-9474-1A3956D46DE8}") = "buttons_bg", "buttons_bg", "{AE906CAD-1858-4327-8C10-34DB38BA6525}"
	ProjectSection(SolutionItems) = preProject
		Resources\buttons_bg\btn_bg.png = Resources\buttons_bg\btn_bg.png
		Resources\buttons_bg\btn_bg_2.png = Resources\buttons_bg\btn_bg_2.png
		Resources\buttons_bg\btn_bg_3.png = Resources\buttons_bg\btn_bg_3.png
		Resources\buttons_bg\btn_bg_4.png = Resources\buttons_bg\btn_bg_4.png
	EndProjectSection
EndProject
Project("{2150E333-8FDC-42A3-9474-1A3956D46DE8}") = "Slides", "Slides", "{78A56B82-C9FE-48ED-8FD3-EE4BA7CD29EF}"
	ProjectSection(SolutionItems) = preProject
		Resources\Slides\01-01-Calculator.pptx = Resources\Slides\01-01-Calculator.pptx
		Resources\Slides\01-02-RepairBill.pptx = Resources\Slides\01-02-RepairBill.pptx
		Resources\Slides\01-03-ChangeForDollar.pptx = Resources\Slides\01-03-ChangeForDollar.pptx
		Resources\Slides\01-04-LengthConversion.pptx = Resources\Slides\01-04-LengthConversion.pptx
		Resources\Slides\01-05-CarLoan.pptx = Resources\Slides\01-05-CarLoan.pptx
		Resources\Slides\01-06-UnitPrice.pptx = Resources\Slides\01-06-UnitPrice.pptx
		Resources\Slides\02-01-RentalCost.pptx = Resources\Slides\02-01-RentalCost.pptx
		Resources\Slides\02-02-Nutrition.pptx = Resources\Slides\02-02-Nutrition.pptx
		Resources\Slides\02-03-CarLoan.pptx = Resources\Slides\02-03-CarLoan.pptx
		Resources\Slides\02-04-QuadraticEquation.pptx = Resources\Slides\02-04-QuadraticEquation.pptx
		Resources\Slides\02-05-RestaurantMenu.pptx = Resources\Slides\02-05-RestaurantMenu.pptx
		Resources\Slides\02-06-CollegeAdmissions.pptx = Resources\Slides\02-06-CollegeAdmissions.pptx
	EndProjectSection
EndProject
Global
	GlobalSection(SolutionConfigurationPlatforms) = preSolution
		Debug|Any CPU = Debug|Any CPU
		Release|Any CPU = Release|Any CPU
	EndGlobalSection
	GlobalSection(ProjectConfigurationPlatforms) = postSolution
		{59ECCE74-280D-40A1-A8FC-EECEEC178E3C}.Debug|Any CPU.ActiveCfg = Debug|Any CPU
		{59ECCE74-280D-40A1-A8FC-EECEEC178E3C}.Debug|Any CPU.Build.0 = Debug|Any CPU
		{59ECCE74-280D-40A1-A8FC-EECEEC178E3C}.Release|Any CPU.ActiveCfg = Release|Any CPU
		{59ECCE74-280D-40A1-A8FC-EECEEC178E3C}.Release|Any CPU.Build.0 = Release|Any CPU
		{05053AB4-1381-4D70-83C8-15048B7204AF}.Debug|Any CPU.ActiveCfg = Debug|Any CPU
		{05053AB4-1381-4D70-83C8-15048B7204AF}.Debug|Any CPU.Build.0 = Debug|Any CPU
		{05053AB4-1381-4D70-83C8-15048B7204AF}.Release|Any CPU.ActiveCfg = Release|Any CPU
		{05053AB4-1381-4D70-83C8-15048B7204AF}.Release|Any CPU.Build.0 = Release|Any CPU
		{FCF40E85-2426-4CCE-A991-8689DBE1C3AF}.Debug|Any CPU.ActiveCfg = Debug|Any CPU
		{FCF40E85-2426-4CCE-A991-8689DBE1C3AF}.Debug|Any CPU.Build.0 = Debug|Any CPU
		{FCF40E85-2426-4CCE-A991-8689DBE1C3AF}.Release|Any CPU.ActiveCfg = Release|Any CPU
		{FCF40E85-2426-4CCE-A991-8689DBE1C3AF}.Release|Any CPU.Build.0 = Release|Any CPU
		{24F9F4B4-8F86-4010-9DE2-0E25E2A9CD7C}.Debug|Any CPU.ActiveCfg = Debug|Any CPU
		{24F9F4B4-8F86-4010-9DE2-0E25E2A9CD7C}.Debug|Any CPU.Build.0 = Debug|Any CPU
		{24F9F4B4-8F86-4010-9DE2-0E25E2A9CD7C}.Release|Any CPU.ActiveCfg = Release|Any CPU
		{24F9F4B4-8F86-4010-9DE2-0E25E2A9CD7C}.Release|Any CPU.Build.0 = Release|Any CPU
		{00E1D109-E6C1-4E5F-B411-AF87F037E927}.Debug|Any CPU.ActiveCfg = Debug|Any CPU
		{00E1D109-E6C1-4E5F-B411-AF87F037E927}.Debug|Any CPU.Build.0 = Debug|Any CPU
		{00E1D109-E6C1-4E5F-B411-AF87F037E927}.Release|Any CPU.ActiveCfg = Release|Any CPU
		{00E1D109-E6C1-4E5F-B411-AF87F037E927}.Release|Any CPU.Build.0 = Release|Any CPU
		{B85FEBEA-EF50-4377-B923-4DB390C6C686}.Debug|Any CPU.ActiveCfg = Debug|Any CPU
		{B85FEBEA-EF50-4377-B923-4DB390C6C686}.Debug|Any CPU.Build.0 = Debug|Any CPU
		{B85FEBEA-EF50-4377-B923-4DB390C6C686}.Release|Any CPU.ActiveCfg = Release|Any CPU
		{B85FEBEA-EF50-4377-B923-4DB390C6C686}.Release|Any CPU.Build.0 = Release|Any CPU
		{8E01EF76-04B3-4A5A-B3C4-E693511E790A}.Debug|Any CPU.ActiveCfg = Debug|Any CPU
		{8E01EF76-04B3-4A5A-B3C4-E693511E790A}.Debug|Any CPU.Build.0 = Debug|Any CPU
		{8E01EF76-04B3-4A5A-B3C4-E693511E790A}.Release|Any CPU.ActiveCfg = Release|Any CPU
		{8E01EF76-04B3-4A5A-B3C4-E693511E790A}.Release|Any CPU.Build.0 = Release|Any CPU
		{3252C119-C205-46A8-A668-01FBCA21D672}.Debug|Any CPU.ActiveCfg = Debug|Any CPU
		{3252C119-C205-46A8-A668-01FBCA21D672}.Debug|Any CPU.Build.0 = Debug|Any CPU
		{3252C119-C205-46A8-A668-01FBCA21D672}.Release|Any CPU.ActiveCfg = Release|Any CPU
		{3252C119-C205-46A8-A668-01FBCA21D672}.Release|Any CPU.Build.0 = Release|Any CPU
		{1FE28B2D-4DC5-4BE1-8A2F-6D51A9B7DC08}.Debug|Any CPU.ActiveCfg = Debug|Any CPU
		{1FE28B2D-4DC5-4BE1-8A2F-6D51A9B7DC08}.Debug|Any CPU.Build.0 = Debug|Any CPU
		{1FE28B2D-4DC5-4BE1-8A2F-6D51A9B7DC08}.Release|Any CPU.ActiveCfg = Release|Any CPU
		{1FE28B2D-4DC5-4BE1-8A2F-6D51A9B7DC08}.Release|Any CPU.Build.0 = Release|Any CPU
		{D0D3C6A9-9961-470C-BD50-4FD1CC1B2301}.Debug|Any CPU.ActiveCfg = Debug|Any CPU
		{D0D3C6A9-9961-470C-BD50-4FD1CC1B2301}.Debug|Any CPU.Build.0 = Debug|Any CPU
		{D0D3C6A9-9961-470C-BD50-4FD1CC1B2301}.Release|Any CPU.ActiveCfg = Release|Any CPU
		{D0D3C6A9-9961-470C-BD50-4FD1CC1B2301}.Release|Any CPU.Build.0 = Release|Any CPU
		{BB96E95D-3F73-4C7F-8FD6-4A07E44A4D59}.Debug|Any CPU.ActiveCfg = Debug|Any CPU
		{BB96E95D-3F73-4C7F-8FD6-4A07E44A4D59}.Debug|Any CPU.Build.0 = Debug|Any CPU
		{BB96E95D-3F73-4C7F-8FD6-4A07E44A4D59}.Release|Any CPU.ActiveCfg = Release|Any CPU
		{BB96E95D-3F73-4C7F-8FD6-4A07E44A4D59}.Release|Any CPU.Build.0 = Release|Any CPU
		{318B7988-192A-415C-8337-B82D5CC5E8FF}.Debug|Any CPU.ActiveCfg = Debug|Any CPU
		{318B7988-192A-415C-8337-B82D5CC5E8FF}.Debug|Any CPU.Build.0 = Debug|Any CPU
		{318B7988-192A-415C-8337-B82D5CC5E8FF}.Release|Any CPU.ActiveCfg = Release|Any CPU
		{318B7988-192A-415C-8337-B82D5CC5E8FF}.Release|Any CPU.Build.0 = Release|Any CPU
		{492A5E08-E808-4C5A-B168-9455D7E7323E}.Debug|Any CPU.ActiveCfg = Debug|Any CPU
		{492A5E08-E808-4C5A-B168-9455D7E7323E}.Debug|Any CPU.Build.0 = Debug|Any CPU
		{492A5E08-E808-4C5A-B168-9455D7E7323E}.Release|Any CPU.ActiveCfg = Release|Any CPU
		{492A5E08-E808-4C5A-B168-9455D7E7323E}.Release|Any CPU.Build.0 = Release|Any CPU
		{3FE73B36-5F63-4B8E-B47A-61A940D459A0}.Debug|Any CPU.ActiveCfg = Debug|Any CPU
		{3FE73B36-5F63-4B8E-B47A-61A940D459A0}.Debug|Any CPU.Build.0 = Debug|Any CPU
		{3FE73B36-5F63-4B8E-B47A-61A940D459A0}.Release|Any CPU.ActiveCfg = Release|Any CPU
		{3FE73B36-5F63-4B8E-B47A-61A940D459A0}.Release|Any CPU.Build.0 = Release|Any CPU
		{00ED12F8-807D-4400-9B09-3299880BED67}.Debug|Any CPU.ActiveCfg = Debug|Any CPU
		{00ED12F8-807D-4400-9B09-3299880BED67}.Debug|Any CPU.Build.0 = Debug|Any CPU
		{00ED12F8-807D-4400-9B09-3299880BED67}.Release|Any CPU.ActiveCfg = Release|Any CPU
		{00ED12F8-807D-4400-9B09-3299880BED67}.Release|Any CPU.Build.0 = Release|Any CPU
		{8FB10C8E-8E02-476A-9F7C-1058FB02BBE4}.Debug|Any CPU.ActiveCfg = Debug|Any CPU
		{8FB10C8E-8E02-476A-9F7C-1058FB02BBE4}.Debug|Any CPU.Build.0 = Debug|Any CPU
		{8FB10C8E-8E02-476A-9F7C-1058FB02BBE4}.Release|Any CPU.ActiveCfg = Release|Any CPU
		{8FB10C8E-8E02-476A-9F7C-1058FB02BBE4}.Release|Any CPU.Build.0 = Release|Any CPU
		{1023CF01-15BC-4B14-AF19-C359545BEF54}.Debug|Any CPU.ActiveCfg = Debug|Any CPU
		{1023CF01-15BC-4B14-AF19-C359545BEF54}.Debug|Any CPU.Build.0 = Debug|Any CPU
		{1023CF01-15BC-4B14-AF19-C359545BEF54}.Release|Any CPU.ActiveCfg = Release|Any CPU
		{1023CF01-15BC-4B14-AF19-C359545BEF54}.Release|Any CPU.Build.0 = Release|Any CPU
		{B7664948-8761-421F-BECA-201FD4EED09F}.Debug|Any CPU.ActiveCfg = Debug|Any CPU
		{B7664948-8761-421F-BECA-201FD4EED09F}.Debug|Any CPU.Build.0 = Debug|Any CPU
		{B7664948-8761-421F-BECA-201FD4EED09F}.Release|Any CPU.ActiveCfg = Release|Any CPU
		{B7664948-8761-421F-BECA-201FD4EED09F}.Release|Any CPU.Build.0 = Release|Any CPU
	EndGlobalSection
	GlobalSection(SolutionProperties) = preSolution
		HideSolutionNode = FALSE
	EndGlobalSection
	GlobalSection(NestedProjects) = preSolution
		{1BE51354-52F0-4135-8351-950EAEDBDF0B} = {411E94CB-15DB-475A-8418-863FA9A46AD9}
		{AE906CAD-1858-4327-8C10-34DB38BA6525} = {411E94CB-15DB-475A-8418-863FA9A46AD9}
		{78A56B82-C9FE-48ED-8FD3-EE4BA7CD29EF} = {411E94CB-15DB-475A-8418-863FA9A46AD9}
	EndGlobalSection
	GlobalSection(ExtensibilityGlobals) = postSolution
		SolutionGuid = {FC2B3F94-2E20-4946-92D1-AAB601209E59}
	EndGlobalSection
EndGlobal
