
Microsoft Visual Studio Solution File, Format Version 12.00
# Visual Studio Version 16
VisualStudioVersion = 16.0.30709.132
MinimumVisualStudioVersion = 10.0.40219.1
Project("{778DAE3C-4631-46EA-AA77-85C1314464D9}") = "VB_Event", "VB_Event\VB_Event.vbproj", "{8C0470A0-7A68-4FA3-8B64-5CF74AE84174}"
EndProject
Project("{778DAE3C-4631-46EA-AA77-85C1314464D9}") = "VB_ComboBox", "VB_ComboBox\VB_ComboBox.vbproj", "{04C5D3C7-FAF6-4EB0-BEA1-E0A21AA15C81}"
EndProject
Project("{778DAE3C-4631-46EA-AA77-85C1314464D9}") = "VB_IOFile", "VB_IOFile\VB_IOFile.vbproj", "{BF7F497E-1627-4C87-97C9-C9F47939E38C}"
EndProject
Project("{778DAE3C-4631-46EA-AA77-85C1314464D9}") = "VB_TextFile", "VB_TextFile\VB_TextFile.vbproj", "{CF97D83C-9CB3-459E-941D-1BF0A800AED6}"
EndProject
Project("{778DAE3C-4631-46EA-AA77-85C1314464D9}") = "VB_InfoFile", "VB_InfoFile\VB_InfoFile.vbproj", "{2E4FEBB7-1895-4D8F-81E1-DCE66C02E797}"
EndProject
Project("{778DAE3C-4631-46EA-AA77-85C1314464D9}") = "VB_MDI", "VB_MDI\VB_MDI.vbproj", "{ED54EC30-8260-40C8-8C08-4E8194E11E6F}"
EndProject
Project("{778DAE3C-4631-46EA-AA77-85C1314464D9}") = "Baseball", "Baseball\Baseball.vbproj", "{E9DAD3FC-3537-490B-AAF5-29A697684A12}"
EndProject
Project("{778DAE3C-4631-46EA-AA77-85C1314464D9}") = "USSenate", "USSenate\USSenate.vbproj", "{3E9578DD-A61D-4C18-A1CC-EFC38AA3B2FF}"
EndProject
Project("{778DAE3C-4631-46EA-AA77-85C1314464D9}") = "FileOfNames", "FileOfNames\FileOfNames.vbproj", "{F51EE8BB-FD9C-4B83-880E-DE6B6D0DECDE}"
EndProject
Project("{778DAE3C-4631-46EA-AA77-85C1314464D9}") = "TelephoneDirectories", "TelephoneDirectories\TelephoneDirectories.vbproj", "{E473B1A1-E654-474F-9581-D9B690932D05}"
EndProject
Project("{778DAE3C-4631-46EA-AA77-85C1314464D9}") = "UniversalProductCode", "UniversalProductCode\UniversalProductCode.vbproj", "{1FAD28FB-BCF1-41A8-A946-0FD475A798FC}"
EndProject
Project("{778DAE3C-4631-46EA-AA77-85C1314464D9}") = "BaseballPartTwo", "BaseballPartTwo\BaseballPartTwo.vbproj", "{DC277A5D-EE95-4A17-A40A-4C281B746253}"
EndProject
Project("{2150E333-8FDC-42A3-9474-1A3956D46DE8}") = "Resources", "Resources", "{691B20B2-CDF9-4D5E-9064-E1657017B986}"
	ProjectSection(SolutionItems) = preProject
		Resources\06-01-Baseball.pptx = Resources\06-01-Baseball.pptx
		Resources\06-02-USSenate.pptx = Resources\06-02-USSenate.pptx
		Resources\06-03-FileOfNames.pptx = Resources\06-03-FileOfNames.pptx
		Resources\06-04-TelephoneDirectories.pptx = Resources\06-04-TelephoneDirectories.pptx
		Resources\06-05-UPC.pptx = Resources\06-05-UPC.pptx
		Resources\06-06-Baseball.pptx = Resources\06-06-Baseball.pptx
		Resources\07-01-MembershipList.pptx = Resources\07-01-MembershipList.pptx
		Resources\07-02-VotingMachine.pptx = Resources\07-02-VotingMachine.pptx
		Resources\07-03-InventoryControl.pptx = Resources\07-03-InventoryControl.pptx
		Resources\07-04-AirplaneSeatingChart.pptx = Resources\07-04-AirplaneSeatingChart.pptx
		Resources\07-05-UnderdogAndWorldSeries.pptx = Resources\07-05-UnderdogAndWorldSeries.pptx
		Resources\07-06-SpreadOfEpidemic.pptx = Resources\07-06-SpreadOfEpidemic.pptx
		Resources\07-07-BusinessTravelExpenses.pptx = Resources\07-07-BusinessTravelExpenses.pptx
	EndProjectSection
EndProject
Project("{778DAE3C-4631-46EA-AA77-85C1314464D9}") = "BusinessTravelExpenses", "BusinessTravelExpenses\BusinessTravelExpenses.vbproj", "{BF49D3A6-F34A-4A90-B97E-1C5DE65D01CD}"
EndProject
Project("{778DAE3C-4631-46EA-AA77-85C1314464D9}") = "SpreadOfEpidemic", "SpreadOfEpidemic\SpreadOfEpidemic.vbproj", "{82F78661-F8E0-4B8F-9546-839167E04018}"
EndProject
Project("{778DAE3C-4631-46EA-AA77-85C1314464D9}") = "UnderdogAndWorldSeries", "UnderdogAndWorldSeries\UnderdogAndWorldSeries.vbproj", "{363C67F5-4617-4BB1-A4C5-3C32E4490F35}"
EndProject
Project("{778DAE3C-4631-46EA-AA77-85C1314464D9}") = "AirplaneSeatingChart", "AirplaneSeatingChart\AirplaneSeatingChart.vbproj", "{463FBB56-0850-491F-A03E-017600E0BF87}"
EndProject
Project("{778DAE3C-4631-46EA-AA77-85C1314464D9}") = "VotingMachine", "VotingMachine\VotingMachine.vbproj", "{6BD0E2B5-C62C-437E-8FE2-F94AE7C400CE}"
EndProject
Project("{778DAE3C-4631-46EA-AA77-85C1314464D9}") = "MembershipList", "MembershipList\MembershipList.vbproj", "{2FFF53A7-D4EA-40CF-81CD-E0551AF9D293}"
EndProject
Project("{F184B08F-C81C-45F6-A57F-5ABD9991F28F}") = "InventoryControl", "InventoryControl\InventoryControl.vbproj", "{36EC2F55-89A1-4BE2-9C9B-0ACF23935DA1}"
EndProject
Project("{F184B08F-C81C-45F6-A57F-5ABD9991F28F}") = "DigiAlarm", "DigiAlarm\DigiAlarm.vbproj", "{96794AB1-DD19-4679-AAB6-80DEE81D14D8}"
EndProject
Global
	GlobalSection(SolutionConfigurationPlatforms) = preSolution
		Debug|Any CPU = Debug|Any CPU
		Release|Any CPU = Release|Any CPU
	EndGlobalSection
	GlobalSection(ProjectConfigurationPlatforms) = postSolution
		{8C0470A0-7A68-4FA3-8B64-5CF74AE84174}.Debug|Any CPU.ActiveCfg = Debug|Any CPU
		{8C0470A0-7A68-4FA3-8B64-5CF74AE84174}.Debug|Any CPU.Build.0 = Debug|Any CPU
		{8C0470A0-7A68-4FA3-8B64-5CF74AE84174}.Release|Any CPU.ActiveCfg = Release|Any CPU
		{8C0470A0-7A68-4FA3-8B64-5CF74AE84174}.Release|Any CPU.Build.0 = Release|Any CPU
		{04C5D3C7-FAF6-4EB0-BEA1-E0A21AA15C81}.Debug|Any CPU.ActiveCfg = Debug|Any CPU
		{04C5D3C7-FAF6-4EB0-BEA1-E0A21AA15C81}.Debug|Any CPU.Build.0 = Debug|Any CPU
		{04C5D3C7-FAF6-4EB0-BEA1-E0A21AA15C81}.Release|Any CPU.ActiveCfg = Release|Any CPU
		{04C5D3C7-FAF6-4EB0-BEA1-E0A21AA15C81}.Release|Any CPU.Build.0 = Release|Any CPU
		{BF7F497E-1627-4C87-97C9-C9F47939E38C}.Debug|Any CPU.ActiveCfg = Debug|Any CPU
		{BF7F497E-1627-4C87-97C9-C9F47939E38C}.Debug|Any CPU.Build.0 = Debug|Any CPU
		{BF7F497E-1627-4C87-97C9-C9F47939E38C}.Release|Any CPU.ActiveCfg = Release|Any CPU
		{BF7F497E-1627-4C87-97C9-C9F47939E38C}.Release|Any CPU.Build.0 = Release|Any CPU
		{CF97D83C-9CB3-459E-941D-1BF0A800AED6}.Debug|Any CPU.ActiveCfg = Debug|Any CPU
		{CF97D83C-9CB3-459E-941D-1BF0A800AED6}.Debug|Any CPU.Build.0 = Debug|Any CPU
		{CF97D83C-9CB3-459E-941D-1BF0A800AED6}.Release|Any CPU.ActiveCfg = Release|Any CPU
		{CF97D83C-9CB3-459E-941D-1BF0A800AED6}.Release|Any CPU.Build.0 = Release|Any CPU
		{2E4FEBB7-1895-4D8F-81E1-DCE66C02E797}.Debug|Any CPU.ActiveCfg = Debug|Any CPU
		{2E4FEBB7-1895-4D8F-81E1-DCE66C02E797}.Debug|Any CPU.Build.0 = Debug|Any CPU
		{2E4FEBB7-1895-4D8F-81E1-DCE66C02E797}.Release|Any CPU.ActiveCfg = Release|Any CPU
		{2E4FEBB7-1895-4D8F-81E1-DCE66C02E797}.Release|Any CPU.Build.0 = Release|Any CPU
		{ED54EC30-8260-40C8-8C08-4E8194E11E6F}.Debug|Any CPU.ActiveCfg = Debug|Any CPU
		{ED54EC30-8260-40C8-8C08-4E8194E11E6F}.Debug|Any CPU.Build.0 = Debug|Any CPU
		{ED54EC30-8260-40C8-8C08-4E8194E11E6F}.Release|Any CPU.ActiveCfg = Release|Any CPU
		{ED54EC30-8260-40C8-8C08-4E8194E11E6F}.Release|Any CPU.Build.0 = Release|Any CPU
		{E9DAD3FC-3537-490B-AAF5-29A697684A12}.Debug|Any CPU.ActiveCfg = Debug|Any CPU
		{E9DAD3FC-3537-490B-AAF5-29A697684A12}.Debug|Any CPU.Build.0 = Debug|Any CPU
		{E9DAD3FC-3537-490B-AAF5-29A697684A12}.Release|Any CPU.ActiveCfg = Release|Any CPU
		{E9DAD3FC-3537-490B-AAF5-29A697684A12}.Release|Any CPU.Build.0 = Release|Any CPU
		{3E9578DD-A61D-4C18-A1CC-EFC38AA3B2FF}.Debug|Any CPU.ActiveCfg = Debug|Any CPU
		{3E9578DD-A61D-4C18-A1CC-EFC38AA3B2FF}.Debug|Any CPU.Build.0 = Debug|Any CPU
		{3E9578DD-A61D-4C18-A1CC-EFC38AA3B2FF}.Release|Any CPU.ActiveCfg = Release|Any CPU
		{3E9578DD-A61D-4C18-A1CC-EFC38AA3B2FF}.Release|Any CPU.Build.0 = Release|Any CPU
		{F51EE8BB-FD9C-4B83-880E-DE6B6D0DECDE}.Debug|Any CPU.ActiveCfg = Debug|Any CPU
		{F51EE8BB-FD9C-4B83-880E-DE6B6D0DECDE}.Debug|Any CPU.Build.0 = Debug|Any CPU
		{F51EE8BB-FD9C-4B83-880E-DE6B6D0DECDE}.Release|Any CPU.ActiveCfg = Release|Any CPU
		{F51EE8BB-FD9C-4B83-880E-DE6B6D0DECDE}.Release|Any CPU.Build.0 = Release|Any CPU
		{E473B1A1-E654-474F-9581-D9B690932D05}.Debug|Any CPU.ActiveCfg = Debug|Any CPU
		{E473B1A1-E654-474F-9581-D9B690932D05}.Debug|Any CPU.Build.0 = Debug|Any CPU
		{E473B1A1-E654-474F-9581-D9B690932D05}.Release|Any CPU.ActiveCfg = Release|Any CPU
		{E473B1A1-E654-474F-9581-D9B690932D05}.Release|Any CPU.Build.0 = Release|Any CPU
		{1FAD28FB-BCF1-41A8-A946-0FD475A798FC}.Debug|Any CPU.ActiveCfg = Debug|Any CPU
		{1FAD28FB-BCF1-41A8-A946-0FD475A798FC}.Debug|Any CPU.Build.0 = Debug|Any CPU
		{1FAD28FB-BCF1-41A8-A946-0FD475A798FC}.Release|Any CPU.ActiveCfg = Release|Any CPU
		{1FAD28FB-BCF1-41A8-A946-0FD475A798FC}.Release|Any CPU.Build.0 = Release|Any CPU
		{DC277A5D-EE95-4A17-A40A-4C281B746253}.Debug|Any CPU.ActiveCfg = Debug|Any CPU
		{DC277A5D-EE95-4A17-A40A-4C281B746253}.Debug|Any CPU.Build.0 = Debug|Any CPU
		{DC277A5D-EE95-4A17-A40A-4C281B746253}.Release|Any CPU.ActiveCfg = Release|Any CPU
		{DC277A5D-EE95-4A17-A40A-4C281B746253}.Release|Any CPU.Build.0 = Release|Any CPU
		{BF49D3A6-F34A-4A90-B97E-1C5DE65D01CD}.Debug|Any CPU.ActiveCfg = Debug|Any CPU
		{BF49D3A6-F34A-4A90-B97E-1C5DE65D01CD}.Debug|Any CPU.Build.0 = Debug|Any CPU
		{BF49D3A6-F34A-4A90-B97E-1C5DE65D01CD}.Release|Any CPU.ActiveCfg = Release|Any CPU
		{BF49D3A6-F34A-4A90-B97E-1C5DE65D01CD}.Release|Any CPU.Build.0 = Release|Any CPU
		{82F78661-F8E0-4B8F-9546-839167E04018}.Debug|Any CPU.ActiveCfg = Debug|Any CPU
		{82F78661-F8E0-4B8F-9546-839167E04018}.Debug|Any CPU.Build.0 = Debug|Any CPU
		{82F78661-F8E0-4B8F-9546-839167E04018}.Release|Any CPU.ActiveCfg = Release|Any CPU
		{82F78661-F8E0-4B8F-9546-839167E04018}.Release|Any CPU.Build.0 = Release|Any CPU
		{363C67F5-4617-4BB1-A4C5-3C32E4490F35}.Debug|Any CPU.ActiveCfg = Debug|Any CPU
		{363C67F5-4617-4BB1-A4C5-3C32E4490F35}.Debug|Any CPU.Build.0 = Debug|Any CPU
		{363C67F5-4617-4BB1-A4C5-3C32E4490F35}.Release|Any CPU.ActiveCfg = Release|Any CPU
		{363C67F5-4617-4BB1-A4C5-3C32E4490F35}.Release|Any CPU.Build.0 = Release|Any CPU
		{463FBB56-0850-491F-A03E-017600E0BF87}.Debug|Any CPU.ActiveCfg = Debug|Any CPU
		{463FBB56-0850-491F-A03E-017600E0BF87}.Debug|Any CPU.Build.0 = Debug|Any CPU
		{463FBB56-0850-491F-A03E-017600E0BF87}.Release|Any CPU.ActiveCfg = Release|Any CPU
		{463FBB56-0850-491F-A03E-017600E0BF87}.Release|Any CPU.Build.0 = Release|Any CPU
		{6BD0E2B5-C62C-437E-8FE2-F94AE7C400CE}.Debug|Any CPU.ActiveCfg = Debug|Any CPU
		{6BD0E2B5-C62C-437E-8FE2-F94AE7C400CE}.Debug|Any CPU.Build.0 = Debug|Any CPU
		{6BD0E2B5-C62C-437E-8FE2-F94AE7C400CE}.Release|Any CPU.ActiveCfg = Release|Any CPU
		{6BD0E2B5-C62C-437E-8FE2-F94AE7C400CE}.Release|Any CPU.Build.0 = Release|Any CPU
		{2FFF53A7-D4EA-40CF-81CD-E0551AF9D293}.Debug|Any CPU.ActiveCfg = Debug|Any CPU
		{2FFF53A7-D4EA-40CF-81CD-E0551AF9D293}.Debug|Any CPU.Build.0 = Debug|Any CPU
		{2FFF53A7-D4EA-40CF-81CD-E0551AF9D293}.Release|Any CPU.ActiveCfg = Release|Any CPU
		{2FFF53A7-D4EA-40CF-81CD-E0551AF9D293}.Release|Any CPU.Build.0 = Release|Any CPU
		{36EC2F55-89A1-4BE2-9C9B-0ACF23935DA1}.Debug|Any CPU.ActiveCfg = Debug|Any CPU
		{36EC2F55-89A1-4BE2-9C9B-0ACF23935DA1}.Debug|Any CPU.Build.0 = Debug|Any CPU
		{36EC2F55-89A1-4BE2-9C9B-0ACF23935DA1}.Release|Any CPU.ActiveCfg = Release|Any CPU
		{36EC2F55-89A1-4BE2-9C9B-0ACF23935DA1}.Release|Any CPU.Build.0 = Release|Any CPU
		{96794AB1-DD19-4679-AAB6-80DEE81D14D8}.Debug|Any CPU.ActiveCfg = Debug|Any CPU
		{96794AB1-DD19-4679-AAB6-80DEE81D14D8}.Debug|Any CPU.Build.0 = Debug|Any CPU
		{96794AB1-DD19-4679-AAB6-80DEE81D14D8}.Release|Any CPU.ActiveCfg = Release|Any CPU
		{96794AB1-DD19-4679-AAB6-80DEE81D14D8}.Release|Any CPU.Build.0 = Release|Any CPU
	EndGlobalSection
	GlobalSection(SolutionProperties) = preSolution
		HideSolutionNode = FALSE
	EndGlobalSection
	GlobalSection(ExtensibilityGlobals) = postSolution
		SolutionGuid = {F945781E-E110-42AA-A699-690B30899004}
	EndGlobalSection
EndGlobal
