
Microsoft Visual Studio Solution File, Format Version 12.00
# Visual Studio Version 16
VisualStudioVersion = 16.0.30709.132
MinimumVisualStudioVersion = 10.0.40219.1
Project("{778DAE3C-4631-46EA-AA77-85C1314464D9}") = "WeatherStationUI", "WeatherStationUI\WeatherStationUI.vbproj", "{89A3FAAA-1778-41DB-9D61-993DA39C8483}"
EndProject
Project("{2150E333-8FDC-42A3-9474-1A3956D46DE8}") = "Resources", "Resources", "{0262F17E-26D9-4696-9184-A41F1ED356A0}"
	ProjectSection(SolutionItems) = preProject
		..\Resources\05-WeatherStation.pdf = ..\Resources\05-WeatherStation.pdf
	EndProjectSection
EndProject
Global
	GlobalSection(SolutionConfigurationPlatforms) = preSolution
		Debug|Any CPU = Debug|Any CPU
		Release|Any CPU = Release|Any CPU
	EndGlobalSection
	GlobalSection(ProjectConfigurationPlatforms) = postSolution
		{89A3FAAA-1778-41DB-9D61-993DA39C8483}.Debug|Any CPU.ActiveCfg = Debug|Any CPU
		{89A3FAAA-1778-41DB-9D61-993DA39C8483}.Debug|Any CPU.Build.0 = Debug|Any CPU
		{89A3FAAA-1778-41DB-9D61-993DA39C8483}.Release|Any CPU.ActiveCfg = Release|Any CPU
		{89A3FAAA-1778-41DB-9D61-993DA39C8483}.Release|Any CPU.Build.0 = Release|Any CPU
	EndGlobalSection
	GlobalSection(SolutionProperties) = preSolution
		HideSolutionNode = FALSE
	EndGlobalSection
	GlobalSection(ExtensibilityGlobals) = postSolution
		SolutionGuid = {9A601187-55AC-4501-8BAD-88FA6125B820}
	EndGlobalSection
EndGlobal
