
Microsoft Visual Studio Solution File, Format Version 12.00
# Visual Studio Version 16
VisualStudioVersion = 16.0.29215.179
MinimumVisualStudioVersion = 10.0.40219.1
Project("{F184B08F-C81C-45F6-A57F-5ABD9991F28F}") = "MarketApp", "MarketApp\MarketApp.vbproj", "{EB6AD64F-A749-42F8-A809-61DCF0A32E69}"
EndProject
Global
	GlobalSection(SolutionConfigurationPlatforms) = preSolution
		Debug|Any CPU = Debug|Any CPU
		Release|Any CPU = Release|Any CPU
	EndGlobalSection
	GlobalSection(ProjectConfigurationPlatforms) = postSolution
		{EB6AD64F-A749-42F8-A809-61DCF0A32E69}.Debug|Any CPU.ActiveCfg = Debug|Any CPU
		{EB6AD64F-A749-42F8-A809-61DCF0A32E69}.Debug|Any CPU.Build.0 = Debug|Any CPU
		{EB6AD64F-A749-42F8-A809-61DCF0A32E69}.Release|Any CPU.ActiveCfg = Release|Any CPU
		{EB6AD64F-A749-42F8-A809-61DCF0A32E69}.Release|Any CPU.Build.0 = Release|Any CPU
	EndGlobalSection
	GlobalSection(SolutionProperties) = preSolution
		HideSolutionNode = FALSE
	EndGlobalSection
	GlobalSection(ExtensibilityGlobals) = postSolution
		SolutionGuid = {D03EA44D-A681-45E1-B8EA-AFCEFF234333}
	EndGlobalSection
EndGlobal
