
Microsoft Visual Studio Solution File, Format Version 12.00
# Visual Studio Version 16
VisualStudioVersion = 16.0.30709.132
MinimumVisualStudioVersion = 10.0.40219.1
Project("{2150E333-8FDC-42A3-9474-1A3956D46DE8}") = "Resources", "Resources", "{629BFF97-3DB1-4384-82A5-0D80CB22CD08}"
	ProjectSection(SolutionItems) = preProject
		Resources\01-BankTeller.pdf = Resources\01-BankTeller.pdf
		Resources\01-BankTellerWithTotals.pdf = Resources\01-BankTellerWithTotals.pdf
		Resources\02-AirplaneTakeOffApp.pdf = Resources\02-AirplaneTakeOffApp.pdf
		Resources\02-ClubCommitteeOrganizer.pdf = Resources\02-ClubCommitteeOrganizer.pdf
		Resources\03-TrainingWorkshopApp.pdf = Resources\03-TrainingWorkshopApp.pdf
		Resources\03-WinterSportsRentals.pdf = Resources\03-WinterSportsRentals.pdf
		Resources\04-InvestmentTrackingApp.pdf = Resources\04-InvestmentTrackingApp.pdf
		Resources\05-CalculatingFlightTimes.pdf = Resources\05-CalculatingFlightTimes.pdf
		Resources\05-ClientBillingApp.pdf = Resources\05-ClientBillingApp.pdf
		Resources\06-ElevatorSimulationApp.pdf = Resources\06-ElevatorSimulationApp.pdf
		Resources\06-SimpleImageAlbum.pdf = Resources\06-SimpleImageAlbum.pdf
		Resources\09-01-BankAccount.pptx = Resources\09-01-BankAccount.pptx
		Resources\09-02-BlackJack.pptx = Resources\09-02-BlackJack.pptx
		Resources\09-CruiseSelectionWizard.pdf = Resources\09-CruiseSelectionWizard.pdf
	EndProjectSection
EndProject
Project("{778DAE3C-4631-46EA-AA77-85C1314464D9}") = "BankAccount", "BankAccount\BankAccount.vbproj", "{DE231C0C-A015-4CCA-B4FE-BB04962BD0B6}"
EndProject
Project("{778DAE3C-4631-46EA-AA77-85C1314464D9}") = "BlackJack", "BlackJack\BlackJack.vbproj", "{85D46DA5-57CC-4D59-8B6E-5DEDA77A3A8B}"
EndProject
Project("{778DAE3C-4631-46EA-AA77-85C1314464D9}") = "CruiseSelectionWizard", "CruiseSelectionWizard\CruiseSelectionWizard.vbproj", "{BE832AF7-3862-4638-82FA-5B1E03E54ACF}"
EndProject
Project("{778DAE3C-4631-46EA-AA77-85C1314464D9}") = "BankTeller", "BankTeller\BankTeller.vbproj", "{F9751C80-A686-417C-AABB-DB0354825080}"
EndProject
Project("{778DAE3C-4631-46EA-AA77-85C1314464D9}") = "BankTellerWithTotals", "BankTellerWithTotals\BankTellerWithTotals.vbproj", "{B7CB2E50-3017-49FF-9D29-8DFB86C30B31}"
EndProject
Project("{778DAE3C-4631-46EA-AA77-85C1314464D9}") = "AirplaneTakeOff", "AirplaneTakeOff\AirplaneTakeOff.vbproj", "{34A4826F-34F2-49C7-BE3E-305B79B702A1}"
EndProject
Project("{778DAE3C-4631-46EA-AA77-85C1314464D9}") = "ClubCommiteeOrganizer", "ClubCommiteeOrganizer\ClubCommiteeOrganizer.vbproj", "{2D90B90E-69EB-4F0D-8AD7-A7A4346EC387}"
EndProject
Project("{778DAE3C-4631-46EA-AA77-85C1314464D9}") = "TrainingWorkshop", "TrainingWorkshop\TrainingWorkshop.vbproj", "{DE41D56A-E2A3-4EB0-B4BD-49217C454DE1}"
EndProject
Project("{778DAE3C-4631-46EA-AA77-85C1314464D9}") = "WinterSportsRentals", "WinterSportsRentals\WinterSportsRentals.vbproj", "{5AF5F9F6-5664-4C8A-9DB2-C0E8AFAEC1DB}"
EndProject
Project("{778DAE3C-4631-46EA-AA77-85C1314464D9}") = "CalculatingFlightTimes", "CalculatingFlightTimes\CalculatingFlightTimes.vbproj", "{C6A942A1-45C8-4234-A003-970DA4A21F40}"
EndProject
Project("{778DAE3C-4631-46EA-AA77-85C1314464D9}") = "InvestmentTracking", "InvestmentTracking\InvestmentTracking.vbproj", "{BD8368B4-0EE1-4018-BF38-762DA7585160}"
EndProject
Project("{778DAE3C-4631-46EA-AA77-85C1314464D9}") = "ClientBilling", "ClientBilling\ClientBilling.vbproj", "{D119797C-47C4-4355-9F69-7EAAE44C19F3}"
EndProject
Project("{778DAE3C-4631-46EA-AA77-85C1314464D9}") = "SimpleImageAlbum", "SimpleImageAlbum\SimpleImageAlbum.vbproj", "{6AFD6AFE-D108-4061-BD86-1635BA21F76E}"
EndProject
Project("{778DAE3C-4631-46EA-AA77-85C1314464D9}") = "ElevatorSimulation", "ElevatorSimulation\ElevatorSimulation.vbproj", "{C62C71D2-FEFF-4C0D-99EF-D73C92616575}"
EndProject
Global
	GlobalSection(SolutionConfigurationPlatforms) = preSolution
		Debug|Any CPU = Debug|Any CPU
		Release|Any CPU = Release|Any CPU
	EndGlobalSection
	GlobalSection(ProjectConfigurationPlatforms) = postSolution
		{DE231C0C-A015-4CCA-B4FE-BB04962BD0B6}.Debug|Any CPU.ActiveCfg = Debug|Any CPU
		{DE231C0C-A015-4CCA-B4FE-BB04962BD0B6}.Debug|Any CPU.Build.0 = Debug|Any CPU
		{DE231C0C-A015-4CCA-B4FE-BB04962BD0B6}.Release|Any CPU.ActiveCfg = Release|Any CPU
		{DE231C0C-A015-4CCA-B4FE-BB04962BD0B6}.Release|Any CPU.Build.0 = Release|Any CPU
		{85D46DA5-57CC-4D59-8B6E-5DEDA77A3A8B}.Debug|Any CPU.ActiveCfg = Debug|Any CPU
		{85D46DA5-57CC-4D59-8B6E-5DEDA77A3A8B}.Debug|Any CPU.Build.0 = Debug|Any CPU
		{85D46DA5-57CC-4D59-8B6E-5DEDA77A3A8B}.Release|Any CPU.ActiveCfg = Release|Any CPU
		{85D46DA5-57CC-4D59-8B6E-5DEDA77A3A8B}.Release|Any CPU.Build.0 = Release|Any CPU
		{BE832AF7-3862-4638-82FA-5B1E03E54ACF}.Debug|Any CPU.ActiveCfg = Debug|Any CPU
		{BE832AF7-3862-4638-82FA-5B1E03E54ACF}.Debug|Any CPU.Build.0 = Debug|Any CPU
		{BE832AF7-3862-4638-82FA-5B1E03E54ACF}.Release|Any CPU.ActiveCfg = Release|Any CPU
		{BE832AF7-3862-4638-82FA-5B1E03E54ACF}.Release|Any CPU.Build.0 = Release|Any CPU
		{F9751C80-A686-417C-AABB-DB0354825080}.Debug|Any CPU.ActiveCfg = Debug|Any CPU
		{F9751C80-A686-417C-AABB-DB0354825080}.Debug|Any CPU.Build.0 = Debug|Any CPU
		{F9751C80-A686-417C-AABB-DB0354825080}.Release|Any CPU.ActiveCfg = Release|Any CPU
		{F9751C80-A686-417C-AABB-DB0354825080}.Release|Any CPU.Build.0 = Release|Any CPU
		{B7CB2E50-3017-49FF-9D29-8DFB86C30B31}.Debug|Any CPU.ActiveCfg = Debug|Any CPU
		{B7CB2E50-3017-49FF-9D29-8DFB86C30B31}.Debug|Any CPU.Build.0 = Debug|Any CPU
		{B7CB2E50-3017-49FF-9D29-8DFB86C30B31}.Release|Any CPU.ActiveCfg = Release|Any CPU
		{B7CB2E50-3017-49FF-9D29-8DFB86C30B31}.Release|Any CPU.Build.0 = Release|Any CPU
		{34A4826F-34F2-49C7-BE3E-305B79B702A1}.Debug|Any CPU.ActiveCfg = Debug|Any CPU
		{34A4826F-34F2-49C7-BE3E-305B79B702A1}.Debug|Any CPU.Build.0 = Debug|Any CPU
		{34A4826F-34F2-49C7-BE3E-305B79B702A1}.Release|Any CPU.ActiveCfg = Release|Any CPU
		{34A4826F-34F2-49C7-BE3E-305B79B702A1}.Release|Any CPU.Build.0 = Release|Any CPU
		{2D90B90E-69EB-4F0D-8AD7-A7A4346EC387}.Debug|Any CPU.ActiveCfg = Debug|Any CPU
		{2D90B90E-69EB-4F0D-8AD7-A7A4346EC387}.Debug|Any CPU.Build.0 = Debug|Any CPU
		{2D90B90E-69EB-4F0D-8AD7-A7A4346EC387}.Release|Any CPU.ActiveCfg = Release|Any CPU
		{2D90B90E-69EB-4F0D-8AD7-A7A4346EC387}.Release|Any CPU.Build.0 = Release|Any CPU
		{DE41D56A-E2A3-4EB0-B4BD-49217C454DE1}.Debug|Any CPU.ActiveCfg = Debug|Any CPU
		{DE41D56A-E2A3-4EB0-B4BD-49217C454DE1}.Debug|Any CPU.Build.0 = Debug|Any CPU
		{DE41D56A-E2A3-4EB0-B4BD-49217C454DE1}.Release|Any CPU.ActiveCfg = Release|Any CPU
		{DE41D56A-E2A3-4EB0-B4BD-49217C454DE1}.Release|Any CPU.Build.0 = Release|Any CPU
		{5AF5F9F6-5664-4C8A-9DB2-C0E8AFAEC1DB}.Debug|Any CPU.ActiveCfg = Debug|Any CPU
		{5AF5F9F6-5664-4C8A-9DB2-C0E8AFAEC1DB}.Debug|Any CPU.Build.0 = Debug|Any CPU
		{5AF5F9F6-5664-4C8A-9DB2-C0E8AFAEC1DB}.Release|Any CPU.ActiveCfg = Release|Any CPU
		{5AF5F9F6-5664-4C8A-9DB2-C0E8AFAEC1DB}.Release|Any CPU.Build.0 = Release|Any CPU
		{C6A942A1-45C8-4234-A003-970DA4A21F40}.Debug|Any CPU.ActiveCfg = Debug|Any CPU
		{C6A942A1-45C8-4234-A003-970DA4A21F40}.Debug|Any CPU.Build.0 = Debug|Any CPU
		{C6A942A1-45C8-4234-A003-970DA4A21F40}.Release|Any CPU.ActiveCfg = Release|Any CPU
		{C6A942A1-45C8-4234-A003-970DA4A21F40}.Release|Any CPU.Build.0 = Release|Any CPU
		{BD8368B4-0EE1-4018-BF38-762DA7585160}.Debug|Any CPU.ActiveCfg = Debug|Any CPU
		{BD8368B4-0EE1-4018-BF38-762DA7585160}.Debug|Any CPU.Build.0 = Debug|Any CPU
		{BD8368B4-0EE1-4018-BF38-762DA7585160}.Release|Any CPU.ActiveCfg = Release|Any CPU
		{BD8368B4-0EE1-4018-BF38-762DA7585160}.Release|Any CPU.Build.0 = Release|Any CPU
		{D119797C-47C4-4355-9F69-7EAAE44C19F3}.Debug|Any CPU.ActiveCfg = Debug|Any CPU
		{D119797C-47C4-4355-9F69-7EAAE44C19F3}.Debug|Any CPU.Build.0 = Debug|Any CPU
		{D119797C-47C4-4355-9F69-7EAAE44C19F3}.Release|Any CPU.ActiveCfg = Release|Any CPU
		{D119797C-47C4-4355-9F69-7EAAE44C19F3}.Release|Any CPU.Build.0 = Release|Any CPU
		{6AFD6AFE-D108-4061-BD86-1635BA21F76E}.Debug|Any CPU.ActiveCfg = Debug|Any CPU
		{6AFD6AFE-D108-4061-BD86-1635BA21F76E}.Debug|Any CPU.Build.0 = Debug|Any CPU
		{6AFD6AFE-D108-4061-BD86-1635BA21F76E}.Release|Any CPU.ActiveCfg = Release|Any CPU
		{6AFD6AFE-D108-4061-BD86-1635BA21F76E}.Release|Any CPU.Build.0 = Release|Any CPU
		{C62C71D2-FEFF-4C0D-99EF-D73C92616575}.Debug|Any CPU.ActiveCfg = Debug|Any CPU
		{C62C71D2-FEFF-4C0D-99EF-D73C92616575}.Debug|Any CPU.Build.0 = Debug|Any CPU
		{C62C71D2-FEFF-4C0D-99EF-D73C92616575}.Release|Any CPU.ActiveCfg = Release|Any CPU
		{C62C71D2-FEFF-4C0D-99EF-D73C92616575}.Release|Any CPU.Build.0 = Release|Any CPU
	EndGlobalSection
	GlobalSection(SolutionProperties) = preSolution
		HideSolutionNode = FALSE
	EndGlobalSection
	GlobalSection(ExtensibilityGlobals) = postSolution
		SolutionGuid = {B567B4D6-9A68-41FD-849F-806B704B893E}
	EndGlobalSection
EndGlobal
