
Microsoft Visual Studio Solution File, Format Version 12.00
# Visual Studio Version 16
VisualStudioVersion = 16.0.30709.132
MinimumVisualStudioVersion = 10.0.40219.1
Project("{778DAE3C-4631-46EA-AA77-85C1314464D9}") = "AccountTransactionsUI", "AccountTransactionsUI\AccountTransactionsUI.vbproj", "{63E5CA45-FD80-4BD9-9676-5579BC1ECF7A}"
EndProject
Project("{2150E333-8FDC-42A3-9474-1A3956D46DE8}") = "Resources", "Resources", "{BCF1C457-A69F-4CCB-8244-3843E9E520DD}"
	ProjectSection(SolutionItems) = preProject
		..\Resources\04-AccountTransactions.pdf = ..\Resources\04-AccountTransactions.pdf
	EndProjectSection
EndProject
Global
	GlobalSection(SolutionConfigurationPlatforms) = preSolution
		Debug|Any CPU = Debug|Any CPU
		Release|Any CPU = Release|Any CPU
	EndGlobalSection
	GlobalSection(ProjectConfigurationPlatforms) = postSolution
		{63E5CA45-FD80-4BD9-9676-5579BC1ECF7A}.Debug|Any CPU.ActiveCfg = Debug|Any CPU
		{63E5CA45-FD80-4BD9-9676-5579BC1ECF7A}.Debug|Any CPU.Build.0 = Debug|Any CPU
		{63E5CA45-FD80-4BD9-9676-5579BC1ECF7A}.Release|Any CPU.ActiveCfg = Release|Any CPU
		{63E5CA45-FD80-4BD9-9676-5579BC1ECF7A}.Release|Any CPU.Build.0 = Release|Any CPU
	EndGlobalSection
	GlobalSection(SolutionProperties) = preSolution
		HideSolutionNode = FALSE
	EndGlobalSection
	GlobalSection(ExtensibilityGlobals) = postSolution
		SolutionGuid = {9A601187-55AC-4501-8BAD-88FA6125B820}
	EndGlobalSection
EndGlobal
